
Microsoft Visual Studio Solution File, Format Version 12.00
# Visual Studio Version 17
VisualStudioVersion = 17.5.002.0
MinimumVisualStudioVersion = 10.0.40219.1
Project("{9A19103F-16F7-4668-BE54-9A1E7A4F7556}") = "AvaloniaProject", "AvaloniaProject.csproj", "{E5AB2BBE-583F-4BC2-A529-952CC6FF0DCE}"
EndProject
Global
	GlobalSection(SolutionConfigurationPlatforms) = preSolution
		Debug|Any CPU = Debug|Any CPU
		Release|Any CPU = Release|Any CPU
	EndGlobalSection
	GlobalSection(ProjectConfigurationPlatforms) = postSolution
		{E5AB2BBE-583F-4BC2-A529-952CC6FF0DCE}.Debug|Any CPU.ActiveCfg = Debug|Any CPU
		{E5AB2BBE-583F-4BC2-A529-952CC6FF0DCE}.Debug|Any CPU.Build.0 = Debug|Any CPU
		{E5AB2BBE-583F-4BC2-A529-952CC6FF0DCE}.Release|Any CPU.ActiveCfg = Release|Any CPU
		{E5AB2BBE-583F-4BC2-A529-952CC6FF0DCE}.Release|Any CPU.Build.0 = Release|Any CPU
	EndGlobalSection
	GlobalSection(SolutionProperties) = preSolution
		HideSolutionNode = FALSE
	EndGlobalSection
	GlobalSection(ExtensibilityGlobals) = postSolution
		SolutionGuid = {5DFD6310-FEB3-46D3-970F-70C08A4209CB}
	EndGlobalSection
EndGlobal
